
Microsoft Visual Studio Solution File, Format Version 12.00
# Visual Studio Version 17
VisualStudioVersion = 17.14.36327.8
MinimumVisualStudioVersion = 10.0.40219.1
Project("{FAE04EC0-301F-11D3-BF4B-00C04F79EFBC}") = "ExchangeUseCase.App", "ExchangeUseCase\ExchangeUseCase.App.csproj", "{9AB8E73B-363A-457B-80C7-A73C92B3CC50}"
EndProject
Project("{FAE04EC0-301F-11D3-BF4B-00C04F79EFBC}") = "ExchangeRate.Lib", "ExchangeRate.Lib\ExchangeRate.Lib.csproj", "{03B65584-54E7-4B07-AFE0-663E5F784259}"
EndProject
Project("{FAE04EC0-301F-11D3-BF4B-00C04F79EFBC}") = "ExchangeRate.Test", "ExchangeRate.Test\ExchangeRate.Test.csproj", "{016729B5-E75B-43BD-B43C-E80457577827}"
EndProject
Global
	GlobalSection(SolutionConfigurationPlatforms) = preSolution
		Debug|Any CPU = Debug|Any CPU
		Release|Any CPU = Release|Any CPU
	EndGlobalSection
	GlobalSection(ProjectConfigurationPlatforms) = postSolution
		{9AB8E73B-363A-457B-80C7-A73C92B3CC50}.Debug|Any CPU.ActiveCfg = Debug|Any CPU
		{9AB8E73B-363A-457B-80C7-A73C92B3CC50}.Debug|Any CPU.Build.0 = Debug|Any CPU
		{9AB8E73B-363A-457B-80C7-A73C92B3CC50}.Release|Any CPU.ActiveCfg = Release|Any CPU
		{9AB8E73B-363A-457B-80C7-A73C92B3CC50}.Release|Any CPU.Build.0 = Release|Any CPU
		{03B65584-54E7-4B07-AFE0-663E5F784259}.Debug|Any CPU.ActiveCfg = Debug|Any CPU
		{03B65584-54E7-4B07-AFE0-663E5F784259}.Debug|Any CPU.Build.0 = Debug|Any CPU
		{03B65584-54E7-4B07-AFE0-663E5F784259}.Release|Any CPU.ActiveCfg = Release|Any CPU
		{03B65584-54E7-4B07-AFE0-663E5F784259}.Release|Any CPU.Build.0 = Release|Any CPU
		{016729B5-E75B-43BD-B43C-E80457577827}.Debug|Any CPU.ActiveCfg = Debug|Any CPU
		{016729B5-E75B-43BD-B43C-E80457577827}.Debug|Any CPU.Build.0 = Debug|Any CPU
		{016729B5-E75B-43BD-B43C-E80457577827}.Release|Any CPU.ActiveCfg = Release|Any CPU
		{016729B5-E75B-43BD-B43C-E80457577827}.Release|Any CPU.Build.0 = Release|Any CPU
	EndGlobalSection
	GlobalSection(SolutionProperties) = preSolution
		HideSolutionNode = FALSE
	EndGlobalSection
	GlobalSection(ExtensibilityGlobals) = postSolution
		SolutionGuid = {B8C0E07E-28C0-4BC7-925F-F0FE4BBBB686}
	EndGlobalSection
EndGlobal
